
Microsoft Visual Studio Solution File, Format Version 12.00
# Visual Studio Version 17
VisualStudioVersion = 17.5.33516.290
MinimumVisualStudioVersion = 10.0.40219.1
Project("{FAE04EC0-301F-11D3-BF4B-00C04F79EFBC}") = "MONITOR_3", "MONITOR_3\MONITOR_3.csproj", "{7ACAA002-AC1D-4904-B6F9-D98D8B4416BF}"
EndProject
Global
	GlobalSection(SolutionConfigurationPlatforms) = preSolution
		Debug|Any CPU = Debug|Any CPU
		Release|Any CPU = Release|Any CPU
	EndGlobalSection
	GlobalSection(ProjectConfigurationPlatforms) = postSolution
		{7ACAA002-AC1D-4904-B6F9-D98D8B4416BF}.Debug|Any CPU.ActiveCfg = Debug|Any CPU
		{7ACAA002-AC1D-4904-B6F9-D98D8B4416BF}.Debug|Any CPU.Build.0 = Debug|Any CPU
		{7ACAA002-AC1D-4904-B6F9-D98D8B4416BF}.Release|Any CPU.ActiveCfg = Release|Any CPU
		{7ACAA002-AC1D-4904-B6F9-D98D8B4416BF}.Release|Any CPU.Build.0 = Release|Any CPU
	EndGlobalSection
	GlobalSection(SolutionProperties) = preSolution
		HideSolutionNode = FALSE
	EndGlobalSection
	GlobalSection(ExtensibilityGlobals) = postSolution
		SolutionGuid = {4BB7BCD7-E3AA-4797-8512-AC11E6F4E0DE}
	EndGlobalSection
EndGlobal
